// !$*UTF8*$!
{
	archiveVersion = 1;
	classes = {
	};
	objectVersion = 77;
	objects = {

/* Begin PBXBuildFile section */
		09E03E9F2CE8874C001EF33A /* web3-zksync.swift in Frameworks */ = {isa = PBXBuildFile; productRef = 09E03E9E2CE8874C001EF33A /* web3-zksync.swift */; };
		09E03EA12CE8874C001EF33A /* web3.swift in Frameworks */ = {isa = PBXBuildFile; productRef = 09E03EA02CE8874C001EF33A /* web3.swift */; };
/* End PBXBuildFile section */

/* Begin PBXContainerItemProxy section */
		0910173F2CE897F800FB4EFB /* PBXContainerItemProxy */ = {
			isa = PBXContainerItemProxy;
			containerPortal = 09E03D862CE7C058001EF33A /* Project object */;
			proxyType = 1;
			remoteGlobalIDString = 09E03D8D2CE7C058001EF33A;
			remoteInfo = "sirichain-ios";
		};
/* End PBXContainerItemProxy section */

/* Begin PBXFileReference section */
		0910173B2CE897F800FB4EFB /* sirichain-Tests.xctest */ = {isa = PBXFileReference; explicitFileType = wrapper.cfbundle; includeInIndex = 0; path = "sirichain-Tests.xctest"; sourceTree = BUILT_PRODUCTS_DIR; };
		09E03D8E2CE7C058001EF33A /* sirichain-ios.app */ = {isa = PBXFileReference; explicitFileType = wrapper.application; includeInIndex = 0; path = "sirichain-ios.app"; sourceTree = BUILT_PRODUCTS_DIR; };
/* End PBXFileReference section */

/* Begin PBXFileSystemSynchronizedRootGroup section */
		0910173C2CE897F800FB4EFB /* sirichain-Tests */ = {
			isa = PBXFileSystemSynchronizedRootGroup;
			path = "sirichain-Tests";
			sourceTree = "<group>";
		};
		09E03D902CE7C058001EF33A /* sirichain-ios */ = {
			isa = PBXFileSystemSynchronizedRootGroup;
			path = "sirichain-ios";
			sourceTree = "<group>";
		};
/* End PBXFileSystemSynchronizedRootGroup section */

/* Begin PBXFrameworksBuildPhase section */
		091017382CE897F800FB4EFB /* Frameworks */ = {
			isa = PBXFrameworksBuildPhase;
			buildActionMask = 2147483647;
			files = (
			);
			runOnlyForDeploymentPostprocessing = 0;
		};
		09E03D8B2CE7C058001EF33A /* Frameworks */ = {
			isa = PBXFrameworksBuildPhase;
			buildActionMask = 2147483647;
			files = (
				09E03EA12CE8874C001EF33A /* web3.swift in Frameworks */,
				09E03E9F2CE8874C001EF33A /* web3-zksync.swift in Frameworks */,
			);
			runOnlyForDeploymentPostprocessing = 0;
		};
/* End PBXFrameworksBuildPhase section */

/* Begin PBXGroup section */
		09E03D852CE7C058001EF33A = {
			isa = PBXGroup;
			children = (
				09E03D902CE7C058001EF33A /* sirichain-ios */,
				0910173C2CE897F800FB4EFB /* sirichain-Tests */,
				09E03D8F2CE7C058001EF33A /* Products */,
			);
			sourceTree = "<group>";
		};
		09E03D8F2CE7C058001EF33A /* Products */ = {
			isa = PBXGroup;
			children = (
				09E03D8E2CE7C058001EF33A /* sirichain-ios.app */,
				0910173B2CE897F800FB4EFB /* sirichain-Tests.xctest */,
			);
			name = Products;
			sourceTree = "<group>";
		};
/* End PBXGroup section */

/* Begin PBXNativeTarget section */
		0910173A2CE897F800FB4EFB /* sirichain-Tests */ = {
			isa = PBXNativeTarget;
			buildConfigurationList = 091017412CE897F800FB4EFB /* Build configuration list for PBXNativeTarget "sirichain-Tests" */;
			buildPhases = (
				091017372CE897F800FB4EFB /* Sources */,
				091017382CE897F800FB4EFB /* Frameworks */,
				091017392CE897F800FB4EFB /* Resources */,
			);
			buildRules = (
			);
			dependencies = (
				091017402CE897F800FB4EFB /* PBXTargetDependency */,
			);
			fileSystemSynchronizedGroups = (
				0910173C2CE897F800FB4EFB /* sirichain-Tests */,
			);
			name = "sirichain-Tests";
			packageProductDependencies = (
			);
			productName = "sirichain-Tests";
			productReference = 0910173B2CE897F800FB4EFB /* sirichain-Tests.xctest */;
			productType = "com.apple.product-type.bundle.unit-test";
		};
		09E03D8D2CE7C058001EF33A /* sirichain-ios */ = {
			isa = PBXNativeTarget;
			buildConfigurationList = 09E03D9C2CE7C05A001EF33A /* Build configuration list for PBXNativeTarget "sirichain-ios" */;
			buildPhases = (
				09E03D8A2CE7C058001EF33A /* Sources */,
				09E03D8B2CE7C058001EF33A /* Frameworks */,
				09E03D8C2CE7C058001EF33A /* Resources */,
			);
			buildRules = (
			);
			dependencies = (
			);
			fileSystemSynchronizedGroups = (
				09E03D902CE7C058001EF33A /* sirichain-ios */,
			);
			name = "sirichain-ios";
			packageProductDependencies = (
				09E03E9E2CE8874C001EF33A /* web3-zksync.swift */,
				09E03EA02CE8874C001EF33A /* web3.swift */,
			);
			productName = "sirichain-ios";
			productReference = 09E03D8E2CE7C058001EF33A /* sirichain-ios.app */;
			productType = "com.apple.product-type.application";
		};
/* End PBXNativeTarget section */

/* Begin PBXProject section */
		09E03D862CE7C058001EF33A /* Project object */ = {
			isa = PBXProject;
			attributes = {
				BuildIndependentTargetsInParallel = 1;
				LastSwiftUpdateCheck = 1610;
				LastUpgradeCheck = 1610;
				TargetAttributes = {
					0910173A2CE897F800FB4EFB = {
						CreatedOnToolsVersion = 16.1;
						TestTargetID = 09E03D8D2CE7C058001EF33A;
					};
					09E03D8D2CE7C058001EF33A = {
						CreatedOnToolsVersion = 16.1;
					};
				};
			};
			buildConfigurationList = 09E03D892CE7C058001EF33A /* Build configuration list for PBXProject "sirichain-ios" */;
			developmentRegion = en;
			hasScannedForEncodings = 0;
			knownRegions = (
				en,
				Base,
			);
			mainGroup = 09E03D852CE7C058001EF33A;
			minimizedProjectReferenceProxies = 1;
			packageReferences = (
				09E03E9D2CE8874C001EF33A /* XCRemoteSwiftPackageReference "web3" */,
			);
			preferredProjectObjectVersion = 77;
			productRefGroup = 09E03D8F2CE7C058001EF33A /* Products */;
			projectDirPath = "";
			projectRoot = "";
			targets = (
				09E03D8D2CE7C058001EF33A /* sirichain-ios */,
				0910173A2CE897F800FB4EFB /* sirichain-Tests */,
			);
		};
/* End PBXProject section */

/* Begin PBXResourcesBuildPhase section */
		091017392CE897F800FB4EFB /* Resources */ = {
			isa = PBXResourcesBuildPhase;
			buildActionMask = 2147483647;
			files = (
			);
			runOnlyForDeploymentPostprocessing = 0;
		};
		09E03D8C2CE7C058001EF33A /* Resources */ = {
			isa = PBXResourcesBuildPhase;
			buildActionMask = 2147483647;
			files = (
			);
			runOnlyForDeploymentPostprocessing = 0;
		};
/* End PBXResourcesBuildPhase section */

/* Begin PBXSourcesBuildPhase section */
		091017372CE897F800FB4EFB /* Sources */ = {
			isa = PBXSourcesBuildPhase;
			buildActionMask = 2147483647;
			files = (
			);
			runOnlyForDeploymentPostprocessing = 0;
		};
		09E03D8A2CE7C058001EF33A /* Sources */ = {
			isa = PBXSourcesBuildPhase;
			buildActionMask = 2147483647;
			files = (
			);
			runOnlyForDeploymentPostprocessing = 0;
		};
/* End PBXSourcesBuildPhase section */

/* Begin PBXTargetDependency section */
		091017402CE897F800FB4EFB /* PBXTargetDependency */ = {
			isa = PBXTargetDependency;
			target = 09E03D8D2CE7C058001EF33A /* sirichain-ios */;
			targetProxy = 0910173F2CE897F800FB4EFB /* PBXContainerItemProxy */;
		};
/* End PBXTargetDependency section */

/* Begin XCBuildConfiguration section */
		091017422CE897F800FB4EFB /* Debug */ = {
			isa = XCBuildConfiguration;
			buildSettings = {
				BUNDLE_LOADER = "$(TEST_HOST)";
				CODE_SIGN_STYLE = Automatic;
				CURRENT_PROJECT_VERSION = 1;
				DEVELOPMENT_TEAM = M3XA3ETRDV;
				GENERATE_INFOPLIST_FILE = YES;
				IPHONEOS_DEPLOYMENT_TARGET = 18.1;
				MARKETING_VERSION = 1.0;
				PRODUCT_BUNDLE_IDENTIFIER = "com.mgarciate.sirichain-Tests";
				PRODUCT_NAME = "$(TARGET_NAME)";
				SWIFT_EMIT_LOC_STRINGS = NO;
				SWIFT_VERSION = 5.0;
				TARGETED_DEVICE_FAMILY = "1,2";
				TEST_HOST = "$(BUILT_PRODUCTS_DIR)/sirichain-ios.app/$(BUNDLE_EXECUTABLE_FOLDER_PATH)/sirichain-ios";
			};
			name = Debug;
		};
		091017432CE897F800FB4EFB /* Release */ = {
			isa = XCBuildConfiguration;
			buildSettings = {
				BUNDLE_LOADER = "$(TEST_HOST)";
				CODE_SIGN_STYLE = Automatic;
				CURRENT_PROJECT_VERSION = 1;
				DEVELOPMENT_TEAM = M3XA3ETRDV;
				GENERATE_INFOPLIST_FILE = YES;
				IPHONEOS_DEPLOYMENT_TARGET = 18.1;
				MARKETING_VERSION = 1.0;
				PRODUCT_BUNDLE_IDENTIFIER = "com.mgarciate.sirichain-Tests";
				PRODUCT_NAME = "$(TARGET_NAME)";
				SWIFT_EMIT_LOC_STRINGS = NO;
				SWIFT_VERSION = 5.0;
				TARGETED_DEVICE_FAMILY = "1,2";
				TEST_HOST = "$(BUILT_PRODUCTS_DIR)/sirichain-ios.app/$(BUNDLE_EXECUTABLE_FOLDER_PATH)/sirichain-ios";
			};
			name = Release;
		};
		09E03D9A2CE7C05A001EF33A /* Debug */ = {
			isa = XCBuildConfiguration;
			buildSettings = {
				ALWAYS_SEARCH_USER_PATHS = NO;
				ASSETCATALOG_COMPILER_GENERATE_SWIFT_ASSET_SYMBOL_EXTENSIONS = YES;
				CLANG_ANALYZER_NONNULL = YES;
				CLANG_ANALYZER_NUMBER_OBJECT_CONVERSION = YES_AGGRESSIVE;
				CLANG_CXX_LANGUAGE_STANDARD = "gnu++20";
				CLANG_ENABLE_MODULES = YES;
				CLANG_ENABLE_OBJC_ARC = YES;
				CLANG_ENABLE_OBJC_WEAK = YES;
				CLANG_WARN_BLOCK_CAPTURE_AUTORELEASING = YES;
				CLANG_WARN_BOOL_CONVERSION = YES;
				CLANG_WARN_COMMA = YES;
				CLANG_WARN_CONSTANT_CONVERSION = YES;
				CLANG_WARN_DEPRECATED_OBJC_IMPLEMENTATIONS = YES;
				CLANG_WARN_DIRECT_OBJC_ISA_USAGE = YES_ERROR;
				CLANG_WARN_DOCUMENTATION_COMMENTS = YES;
				CLANG_WARN_EMPTY_BODY = YES;
				CLANG_WARN_ENUM_CONVERSION = YES;
				CLANG_WARN_INFINITE_RECURSION = YES;
				CLANG_WARN_INT_CONVERSION = YES;
				CLANG_WARN_NON_LITERAL_NULL_CONVERSION = YES;
				CLANG_WARN_OBJC_IMPLICIT_RETAIN_SELF = YES;
				CLANG_WARN_OBJC_LITERAL_CONVERSION = YES;
				CLANG_WARN_OBJC_ROOT_CLASS = YES_ERROR;
				CLANG_WARN_QUOTED_INCLUDE_IN_FRAMEWORK_HEADER = YES;
				CLANG_WARN_RANGE_LOOP_ANALYSIS = YES;
				CLANG_WARN_STRICT_PROTOTYPES = YES;
				CLANG_WARN_SUSPICIOUS_MOVE = YES;
				CLANG_WARN_UNGUARDED_AVAILABILITY = YES_AGGRESSIVE;
				CLANG_WARN_UNREACHABLE_CODE = YES;
				CLANG_WARN__DUPLICATE_METHOD_MATCH = YES;
				COPY_PHASE_STRIP = NO;
				DEBUG_INFORMATION_FORMAT = dwarf;
				ENABLE_STRICT_OBJC_MSGSEND = YES;
				ENABLE_TESTABILITY = YES;
				ENABLE_USER_SCRIPT_SANDBOXING = YES;
				GCC_C_LANGUAGE_STANDARD = gnu17;
				GCC_DYNAMIC_NO_PIC = NO;
				GCC_NO_COMMON_BLOCKS = YES;
				GCC_OPTIMIZATION_LEVEL = 0;
				GCC_PREPROCESSOR_DEFINITIONS = (
					"DEBUG=1",
					"$(inherited)",
				);
				GCC_WARN_64_TO_32_BIT_CONVERSION = YES;
				GCC_WARN_ABOUT_RETURN_TYPE = YES_ERROR;
				GCC_WARN_UNDECLARED_SELECTOR = YES;
				GCC_WARN_UNINITIALIZED_AUTOS = YES_AGGRESSIVE;
				GCC_WARN_UNUSED_FUNCTION = YES;
				GCC_WARN_UNUSED_VARIABLE = YES;
				IPHONEOS_DEPLOYMENT_TARGET = 18.0;
				LOCALIZATION_PREFERS_STRING_CATALOGS = YES;
				MTL_ENABLE_DEBUG_INFO = INCLUDE_SOURCE;
				MTL_FAST_MATH = YES;
				ONLY_ACTIVE_ARCH = YES;
				SDKROOT = iphoneos;
				SWIFT_ACTIVE_COMPILATION_CONDITIONS = "DEBUG $(inherited)";
				SWIFT_OPTIMIZATION_LEVEL = "-Onone";
			};
			name = Debug;
		};
		09E03D9B2CE7C05A001EF33A /* Release */ = {
			isa = XCBuildConfiguration;
			buildSettings = {
				ALWAYS_SEARCH_USER_PATHS = NO;
				ASSETCATALOG_COMPILER_GENERATE_SWIFT_ASSET_SYMBOL_EXTENSIONS = YES;
				CLANG_ANALYZER_NONNULL = YES;
				CLANG_ANALYZER_NUMBER_OBJECT_CONVERSION = YES_AGGRESSIVE;
				CLANG_CXX_LANGUAGE_STANDARD = "gnu++20";
				CLANG_ENABLE_MODULES = YES;
				CLANG_ENABLE_OBJC_ARC = YES;
				CLANG_ENABLE_OBJC_WEAK = YES;
				CLANG_WARN_BLOCK_CAPTURE_AUTORELEASING = YES;
				CLANG_WARN_BOOL_CONVERSION = YES;
				CLANG_WARN_COMMA = YES;
				CLANG_WARN_CONSTANT_CONVERSION = YES;
				CLANG_WARN_DEPRECATED_OBJC_IMPLEMENTATIONS = YES;
				CLANG_WARN_DIRECT_OBJC_ISA_USAGE = YES_ERROR;
				CLANG_WARN_DOCUMENTATION_COMMENTS = YES;
				CLANG_WARN_EMPTY_BODY = YES;
				CLANG_WARN_ENUM_CONVERSION = YES;
				CLANG_WARN_INFINITE_RECURSION = YES;
				CLANG_WARN_INT_CONVERSION = YES;
				CLANG_WARN_NON_LITERAL_NULL_CONVERSION = YES;
				CLANG_WARN_OBJC_IMPLICIT_RETAIN_SELF = YES;
				CLANG_WARN_OBJC_LITERAL_CONVERSION = YES;
				CLANG_WARN_OBJC_ROOT_CLASS = YES_ERROR;
				CLANG_WARN_QUOTED_INCLUDE_IN_FRAMEWORK_HEADER = YES;
				CLANG_WARN_RANGE_LOOP_ANALYSIS = YES;
				CLANG_WARN_STRICT_PROTOTYPES = YES;
				CLANG_WARN_SUSPICIOUS_MOVE = YES;
				CLANG_WARN_UNGUARDED_AVAILABILITY = YES_AGGRESSIVE;
				CLANG_WARN_UNREACHABLE_CODE = YES;
				CLANG_WARN__DUPLICATE_METHOD_MATCH = YES;
				COPY_PHASE_STRIP = NO;
				DEBUG_INFORMATION_FORMAT = "dwarf-with-dsym";
				ENABLE_NS_ASSERTIONS = NO;
				ENABLE_STRICT_OBJC_MSGSEND = YES;
				ENABLE_USER_SCRIPT_SANDBOXING = YES;
				GCC_C_LANGUAGE_STANDARD = gnu17;
				GCC_NO_COMMON_BLOCKS = YES;
				GCC_WARN_64_TO_32_BIT_CONVERSION = YES;
				GCC_WARN_ABOUT_RETURN_TYPE = YES_ERROR;
				GCC_WARN_UNDECLARED_SELECTOR = YES;
				GCC_WARN_UNINITIALIZED_AUTOS = YES_AGGRESSIVE;
				GCC_WARN_UNUSED_FUNCTION = YES;
				GCC_WARN_UNUSED_VARIABLE = YES;
				IPHONEOS_DEPLOYMENT_TARGET = 18.0;
				LOCALIZATION_PREFERS_STRING_CATALOGS = YES;
				MTL_ENABLE_DEBUG_INFO = NO;
				MTL_FAST_MATH = YES;
				SDKROOT = iphoneos;
				SWIFT_COMPILATION_MODE = wholemodule;
				VALIDATE_PRODUCT = YES;
			};
			name = Release;
		};
		09E03D9D2CE7C05A001EF33A /* Debug */ = {
			isa = XCBuildConfiguration;
			buildSettings = {
				ASSETCATALOG_COMPILER_APPICON_NAME = AppIcon;
				ASSETCATALOG_COMPILER_GLOBAL_ACCENT_COLOR_NAME = AccentColor;
				CODE_SIGN_ENTITLEMENTS = "sirichain-ios/sirichain-ios.entitlements";
				CODE_SIGN_STYLE = Automatic;
				CURRENT_PROJECT_VERSION = 1;
				DEVELOPMENT_ASSET_PATHS = "\"sirichain-ios/Preview Content\"";
				DEVELOPMENT_TEAM = M3XA3ETRDV;
				ENABLE_PREVIEWS = YES;
				GENERATE_INFOPLIST_FILE = YES;
				INFOPLIST_KEY_LSApplicationCategoryType = "public.app-category.finance";
				INFOPLIST_KEY_UIApplicationSceneManifest_Generation = YES;
				INFOPLIST_KEY_UIApplicationSupportsIndirectInputEvents = YES;
				INFOPLIST_KEY_UILaunchScreen_Generation = YES;
				INFOPLIST_KEY_UISupportedInterfaceOrientations = UIInterfaceOrientationPortrait;
				INFOPLIST_KEY_UIUserInterfaceStyle = Dark;
				IPHONEOS_DEPLOYMENT_TARGET = 18.0;
				LD_RUNPATH_SEARCH_PATHS = (
					"$(inherited)",
					"@executable_path/Frameworks",
				);
				MARKETING_VERSION = 0.1.0;
				PRODUCT_BUNDLE_IDENTIFIER = com.mgarciate.sirichain;
				PRODUCT_NAME = "$(TARGET_NAME)";
				SUPPORTED_PLATFORMS = "iphoneos iphonesimulator";
				SUPPORTS_MACCATALYST = NO;
				SUPPORTS_XR_DESIGNED_FOR_IPHONE_IPAD = NO;
				SWIFT_EMIT_LOC_STRINGS = YES;
				SWIFT_VERSION = 5.0;
				TARGETED_DEVICE_FAMILY = 1;
			};
			name = Debug;
		};
		09E03D9E2CE7C05A001EF33A /* Release */ = {
			isa = XCBuildConfiguration;
			buildSettings = {
				ASSETCATALOG_COMPILER_APPICON_NAME = AppIcon;
				ASSETCATALOG_COMPILER_GLOBAL_ACCENT_COLOR_NAME = AccentColor;
				CODE_SIGN_ENTITLEMENTS = "sirichain-ios/sirichain-ios.entitlements";
				CODE_SIGN_STYLE = Automatic;
				CURRENT_PROJECT_VERSION = 1;
				DEVELOPMENT_ASSET_PATHS = "\"sirichain-ios/Preview Content\"";
				DEVELOPMENT_TEAM = M3XA3ETRDV;
				ENABLE_PREVIEWS = YES;
				GENERATE_INFOPLIST_FILE = YES;
				INFOPLIST_KEY_LSApplicationCategoryType = "public.app-category.finance";
				INFOPLIST_KEY_UIApplicationSceneManifest_Generation = YES;
				INFOPLIST_KEY_UIApplicationSupportsIndirectInputEvents = YES;
				INFOPLIST_KEY_UILaunchScreen_Generation = YES;
				INFOPLIST_KEY_UISupportedInterfaceOrientations = UIInterfaceOrientationPortrait;
				INFOPLIST_KEY_UIUserInterfaceStyle = Dark;
				IPHONEOS_DEPLOYMENT_TARGET = 18.0;
				LD_RUNPATH_SEARCH_PATHS = (
					"$(inherited)",
					"@executable_path/Frameworks",
				);
				MARKETING_VERSION = 0.1.0;
				PRODUCT_BUNDLE_IDENTIFIER = com.mgarciate.sirichain;
				PRODUCT_NAME = "$(TARGET_NAME)";
				SUPPORTED_PLATFORMS = "iphoneos iphonesimulator";
				SUPPORTS_MACCATALYST = NO;
				SUPPORTS_XR_DESIGNED_FOR_IPHONE_IPAD = NO;
				SWIFT_EMIT_LOC_STRINGS = YES;
				SWIFT_VERSION = 5.0;
				TARGETED_DEVICE_FAMILY = 1;
			};
			name = Release;
		};
/* End XCBuildConfiguration section */

/* Begin XCConfigurationList section */
		091017412CE897F800FB4EFB /* Build configuration list for PBXNativeTarget "sirichain-Tests" */ = {
			isa = XCConfigurationList;
			buildConfigurations = (
				091017422CE897F800FB4EFB /* Debug */,
				091017432CE897F800FB4EFB /* Release */,
			);
			defaultConfigurationIsVisible = 0;
			defaultConfigurationName = Release;
		};
		09E03D892CE7C058001EF33A /* Build configuration list for PBXProject "sirichain-ios" */ = {
			isa = XCConfigurationList;
			buildConfigurations = (
				09E03D9A2CE7C05A001EF33A /* Debug */,
				09E03D9B2CE7C05A001EF33A /* Release */,
			);
			defaultConfigurationIsVisible = 0;
			defaultConfigurationName = Release;
		};
		09E03D9C2CE7C05A001EF33A /* Build configuration list for PBXNativeTarget "sirichain-ios" */ = {
			isa = XCConfigurationList;
			buildConfigurations = (
				09E03D9D2CE7C05A001EF33A /* Debug */,
				09E03D9E2CE7C05A001EF33A /* Release */,
			);
			defaultConfigurationIsVisible = 0;
			defaultConfigurationName = Release;
		};
/* End XCConfigurationList section */

/* Begin XCRemoteSwiftPackageReference section */
		09E03E9D2CE8874C001EF33A /* XCRemoteSwiftPackageReference "web3" */ = {
			isa = XCRemoteSwiftPackageReference;
			repositoryURL = "https://github.com/argentlabs/web3.swift";
			requirement = {
				kind = upToNextMajorVersion;
				minimumVersion = 1.6.1;
			};
		};
/* End XCRemoteSwiftPackageReference section */

/* Begin XCSwiftPackageProductDependency section */
		09E03E9E2CE8874C001EF33A /* web3-zksync.swift */ = {
			isa = XCSwiftPackageProductDependency;
			package = 09E03E9D2CE8874C001EF33A /* XCRemoteSwiftPackageReference "web3" */;
			productName = "web3-zksync.swift";
		};
		09E03EA02CE8874C001EF33A /* web3.swift */ = {
			isa = XCSwiftPackageProductDependency;
			package = 09E03E9D2CE8874C001EF33A /* XCRemoteSwiftPackageReference "web3" */;
			productName = web3.swift;
		};
/* End XCSwiftPackageProductDependency section */
	};
	rootObject = 09E03D862CE7C058001EF33A /* Project object */;
}
